
Microsoft Visual Studio Solution File, Format Version 12.00
# Visual Studio Version 17
VisualStudioVersion = 17.9.34723.18
MinimumVisualStudioVersion = 10.0.40219.1
Project("{9A19103F-16F7-4668-BE54-9A1E7A4F7556}") = "TableConverter", "TableConverter\TableConverter.csproj", "{BB54B926-A90B-4E9E-9403-EC425DA6F042}"
EndProject
Project("{9A19103F-16F7-4668-BE54-9A1E7A4F7556}") = "TableConverter.Desktop", "TableConverter.Desktop\TableConverter.Desktop.csproj", "{EB3D7E19-DC31-43C0-B078-EC5B79CF987F}"
EndProject
Project("{9A19103F-16F7-4668-BE54-9A1E7A4F7556}") = "TableConverter.DataGeneration", "TableConverter.DataGeneration\TableConverter.DataGeneration.csproj", "{8E2BC14C-1985-47E6-B972-98AD49376EB8}"
EndProject
Project("{FAE04EC0-301F-11D3-BF4B-00C04F79EFBC}") = "TableConverter.FileConverters", "TableConverter.FileConverters\TableConverter.FileConverters.csproj", "{FEEB78A5-26BA-4246-9FA3-0920CF250AE3}"
EndProject
Project("{FAE04EC0-301F-11D3-BF4B-00C04F79EFBC}") = "TableConverter.FileConverters.Tests", "TableConverter.FileConverters.Tests\TableConverter.FileConverters.Tests.csproj", "{14E950EB-21F3-46AC-A4F4-2647B9C49592}"
EndProject
Global
	GlobalSection(SolutionConfigurationPlatforms) = preSolution
		Debug|Any CPU = Debug|Any CPU
		Release|Any CPU = Release|Any CPU
	EndGlobalSection
	GlobalSection(ProjectConfigurationPlatforms) = postSolution
		{BB54B926-A90B-4E9E-9403-EC425DA6F042}.Debug|Any CPU.ActiveCfg = Debug|Any CPU
		{BB54B926-A90B-4E9E-9403-EC425DA6F042}.Debug|Any CPU.Build.0 = Debug|Any CPU
		{BB54B926-A90B-4E9E-9403-EC425DA6F042}.Release|Any CPU.ActiveCfg = Release|Any CPU
		{BB54B926-A90B-4E9E-9403-EC425DA6F042}.Release|Any CPU.Build.0 = Release|Any CPU
		{EB3D7E19-DC31-43C0-B078-EC5B79CF987F}.Debug|Any CPU.ActiveCfg = Debug|Any CPU
		{EB3D7E19-DC31-43C0-B078-EC5B79CF987F}.Debug|Any CPU.Build.0 = Debug|Any CPU
		{EB3D7E19-DC31-43C0-B078-EC5B79CF987F}.Release|Any CPU.ActiveCfg = Release|Any CPU
		{EB3D7E19-DC31-43C0-B078-EC5B79CF987F}.Release|Any CPU.Build.0 = Release|Any CPU
		{8E2BC14C-1985-47E6-B972-98AD49376EB8}.Debug|Any CPU.ActiveCfg = Debug|Any CPU
		{8E2BC14C-1985-47E6-B972-98AD49376EB8}.Debug|Any CPU.Build.0 = Debug|Any CPU
		{8E2BC14C-1985-47E6-B972-98AD49376EB8}.Release|Any CPU.ActiveCfg = Release|Any CPU
		{8E2BC14C-1985-47E6-B972-98AD49376EB8}.Release|Any CPU.Build.0 = Release|Any CPU
		{FEEB78A5-26BA-4246-9FA3-0920CF250AE3}.Debug|Any CPU.ActiveCfg = Debug|Any CPU
		{FEEB78A5-26BA-4246-9FA3-0920CF250AE3}.Debug|Any CPU.Build.0 = Debug|Any CPU
		{FEEB78A5-26BA-4246-9FA3-0920CF250AE3}.Release|Any CPU.ActiveCfg = Release|Any CPU
		{FEEB78A5-26BA-4246-9FA3-0920CF250AE3}.Release|Any CPU.Build.0 = Release|Any CPU
		{14E950EB-21F3-46AC-A4F4-2647B9C49592}.Debug|Any CPU.ActiveCfg = Debug|Any CPU
		{14E950EB-21F3-46AC-A4F4-2647B9C49592}.Debug|Any CPU.Build.0 = Debug|Any CPU
		{14E950EB-21F3-46AC-A4F4-2647B9C49592}.Release|Any CPU.ActiveCfg = Release|Any CPU
		{14E950EB-21F3-46AC-A4F4-2647B9C49592}.Release|Any CPU.Build.0 = Release|Any CPU
	EndGlobalSection
	GlobalSection(SolutionProperties) = preSolution
		HideSolutionNode = FALSE
	EndGlobalSection
	GlobalSection(ExtensibilityGlobals) = postSolution
		SolutionGuid = {DD988684-4A3E-42B1-954A-48B96936BB55}
	EndGlobalSection
EndGlobal
