
Microsoft Visual Studio Solution File, Format Version 12.00
# Visual Studio Version 17
VisualStudioVersion = 17.8.34330.188
MinimumVisualStudioVersion = 10.0.40219.1
Project("{9A19103F-16F7-4668-BE54-9A1E7A4F7556}") = "TableConverter", "TableConverter\TableConverter.csproj", "{E4FA818E-0FAA-4E92-BA41-CD14AAD57FDA}"
EndProject
Project("{9A19103F-16F7-4668-BE54-9A1E7A4F7556}") = "TableConverter.Android", "TableConverter.Android\TableConverter.Android.csproj", "{2464B2BB-60A3-4D0E-B75B-E20C1D09E57D}"
EndProject
Project("{9A19103F-16F7-4668-BE54-9A1E7A4F7556}") = "TableConverter.Desktop", "TableConverter.Desktop\TableConverter.Desktop.csproj", "{4315A391-4CAC-4D11-A859-0FCE4F4A03FF}"
EndProject
Project("{9A19103F-16F7-4668-BE54-9A1E7A4F7556}") = "TableConverter.iOS", "TableConverter.iOS\TableConverter.iOS.csproj", "{56373C72-080D-427C-81F8-5EED2AF06634}"
EndProject
Project("{9A19103F-16F7-4668-BE54-9A1E7A4F7556}") = "TableConverter.Browser", "TableConverter.Browser\TableConverter.Browser.csproj", "{87F1EC64-ED8D-4109-8636-DA467B376B78}"
EndProject
Global
	GlobalSection(SolutionConfigurationPlatforms) = preSolution
		Debug|Any CPU = Debug|Any CPU
		Release|Any CPU = Release|Any CPU
	EndGlobalSection
	GlobalSection(ProjectConfigurationPlatforms) = postSolution
		{E4FA818E-0FAA-4E92-BA41-CD14AAD57FDA}.Debug|Any CPU.ActiveCfg = Debug|Any CPU
		{E4FA818E-0FAA-4E92-BA41-CD14AAD57FDA}.Debug|Any CPU.Build.0 = Debug|Any CPU
		{E4FA818E-0FAA-4E92-BA41-CD14AAD57FDA}.Release|Any CPU.ActiveCfg = Release|Any CPU
		{E4FA818E-0FAA-4E92-BA41-CD14AAD57FDA}.Release|Any CPU.Build.0 = Release|Any CPU
		{2464B2BB-60A3-4D0E-B75B-E20C1D09E57D}.Debug|Any CPU.ActiveCfg = Debug|Any CPU
		{2464B2BB-60A3-4D0E-B75B-E20C1D09E57D}.Debug|Any CPU.Build.0 = Debug|Any CPU
		{2464B2BB-60A3-4D0E-B75B-E20C1D09E57D}.Debug|Any CPU.Deploy.0 = Debug|Any CPU
		{2464B2BB-60A3-4D0E-B75B-E20C1D09E57D}.Release|Any CPU.ActiveCfg = Release|Any CPU
		{2464B2BB-60A3-4D0E-B75B-E20C1D09E57D}.Release|Any CPU.Build.0 = Release|Any CPU
		{2464B2BB-60A3-4D0E-B75B-E20C1D09E57D}.Release|Any CPU.Deploy.0 = Release|Any CPU
		{4315A391-4CAC-4D11-A859-0FCE4F4A03FF}.Debug|Any CPU.ActiveCfg = Debug|Any CPU
		{4315A391-4CAC-4D11-A859-0FCE4F4A03FF}.Debug|Any CPU.Build.0 = Debug|Any CPU
		{4315A391-4CAC-4D11-A859-0FCE4F4A03FF}.Release|Any CPU.ActiveCfg = Release|Any CPU
		{4315A391-4CAC-4D11-A859-0FCE4F4A03FF}.Release|Any CPU.Build.0 = Release|Any CPU
		{56373C72-080D-427C-81F8-5EED2AF06634}.Debug|Any CPU.ActiveCfg = Debug|Any CPU
		{56373C72-080D-427C-81F8-5EED2AF06634}.Debug|Any CPU.Build.0 = Debug|Any CPU
		{56373C72-080D-427C-81F8-5EED2AF06634}.Debug|Any CPU.Deploy.0 = Debug|Any CPU
		{56373C72-080D-427C-81F8-5EED2AF06634}.Release|Any CPU.ActiveCfg = Release|Any CPU
		{56373C72-080D-427C-81F8-5EED2AF06634}.Release|Any CPU.Build.0 = Release|Any CPU
		{56373C72-080D-427C-81F8-5EED2AF06634}.Release|Any CPU.Deploy.0 = Release|Any CPU
		{87F1EC64-ED8D-4109-8636-DA467B376B78}.Debug|Any CPU.ActiveCfg = Debug|Any CPU
		{87F1EC64-ED8D-4109-8636-DA467B376B78}.Debug|Any CPU.Build.0 = Debug|Any CPU
		{87F1EC64-ED8D-4109-8636-DA467B376B78}.Release|Any CPU.ActiveCfg = Release|Any CPU
		{87F1EC64-ED8D-4109-8636-DA467B376B78}.Release|Any CPU.Build.0 = Release|Any CPU
	EndGlobalSection
	GlobalSection(SolutionProperties) = preSolution
		HideSolutionNode = FALSE
	EndGlobalSection
	GlobalSection(ExtensibilityGlobals) = postSolution
		SolutionGuid = {02B64F9D-E1CF-4F76-A68D-A1B1AEEA0DF7}
	EndGlobalSection
EndGlobal
